
Microsoft Visual Studio Solution File, Format Version 12.00
# Visual Studio Version 17
VisualStudioVersion = 17.6.33815.320
MinimumVisualStudioVersion = 10.0.40219.1
Project("{FAE04EC0-301F-11D3-BF4B-00C04F79EFBC}") = "PruebaLectorHuellas", "PruebaLectorHuellas\PruebaLectorHuellas.csproj", "{38E7DB17-0E81-4F0B-BC93-E39F662B015E}"
EndProject
Global
	GlobalSection(SolutionConfigurationPlatforms) = preSolution
		Debug|Any CPU = Debug|Any CPU
		Release|Any CPU = Release|Any CPU
	EndGlobalSection
	GlobalSection(ProjectConfigurationPlatforms) = postSolution
		{38E7DB17-0E81-4F0B-BC93-E39F662B015E}.Debug|Any CPU.ActiveCfg = Debug|Any CPU
		{38E7DB17-0E81-4F0B-BC93-E39F662B015E}.Debug|Any CPU.Build.0 = Debug|Any CPU
		{38E7DB17-0E81-4F0B-BC93-E39F662B015E}.Release|Any CPU.ActiveCfg = Release|Any CPU
		{38E7DB17-0E81-4F0B-BC93-E39F662B015E}.Release|Any CPU.Build.0 = Release|Any CPU
	EndGlobalSection
	GlobalSection(SolutionProperties) = preSolution
		HideSolutionNode = FALSE
	EndGlobalSection
	GlobalSection(ExtensibilityGlobals) = postSolution
		SolutionGuid = {5950E29F-F644-494E-8390-87589F42D690}
	EndGlobalSection
EndGlobal
